// !$*UTF8*$!
{
	archiveVersion = 1;
	classes = {
	};
	objectVersion = 56;
	objects = {

/* Begin PBXBuildFile section */
		D94D4F332AFAB3BA0064EBFD /* RestaurantView.swift in Sources */ = {isa = PBXBuildFile; fileRef = D94D4F322AFAB3BA0064EBFD /* RestaurantView.swift */; };
		D96DDA322AFAC4EA00352D63 /* RestaurantsModel.swift in Sources */ = {isa = PBXBuildFile; fileRef = D96DDA312AFAC4EA00352D63 /* RestaurantsModel.swift */; };
		D96DDA392AFAC5A400352D63 /* RestaurantViewModel.swift in Sources */ = {isa = PBXBuildFile; fileRef = D96DDA382AFAC5A400352D63 /* RestaurantViewModel.swift */; };
		D96DDA3B2AFAC5CF00352D63 /* RestaurantRowView.swift in Sources */ = {isa = PBXBuildFile; fileRef = D96DDA3A2AFAC5CF00352D63 /* RestaurantRowView.swift */; };
		D96DDA3D2AFAC71100352D63 /* CellRestaurantView.swift in Sources */ = {isa = PBXBuildFile; fileRef = D96DDA3C2AFAC71100352D63 /* CellRestaurantView.swift */; };
		D96DDA412AFBFB3E00352D63 /* SheetNewRest.swift in Sources */ = {isa = PBXBuildFile; fileRef = D96DDA402AFBFB3E00352D63 /* SheetNewRest.swift */; };
		D9AFA28F2AF955D0004E90F7 /* NanoProject4App.swift in Sources */ = {isa = PBXBuildFile; fileRef = D9AFA28E2AF955D0004E90F7 /* NanoProject4App.swift */; };
		D9AFA2912AF955D0004E90F7 /* ContentView.swift in Sources */ = {isa = PBXBuildFile; fileRef = D9AFA2902AF955D0004E90F7 /* ContentView.swift */; };
		D9AFA2932AF955D1004E90F7 /* Assets.xcassets in Resources */ = {isa = PBXBuildFile; fileRef = D9AFA2922AF955D1004E90F7 /* Assets.xcassets */; };
		D9AFA2962AF955D1004E90F7 /* Preview Assets.xcassets in Resources */ = {isa = PBXBuildFile; fileRef = D9AFA2952AF955D1004E90F7 /* Preview Assets.xcassets */; };
		D9C319F72AFD62C400CD4EC0 /* CloudKitCrudView.swift in Sources */ = {isa = PBXBuildFile; fileRef = D9C319F32AFD62C400CD4EC0 /* CloudKitCrudView.swift */; };
		D9C319F82AFD62C400CD4EC0 /* PushNotificationManager.swift in Sources */ = {isa = PBXBuildFile; fileRef = D9C319F42AFD62C400CD4EC0 /* PushNotificationManager.swift */; };
		D9C319F92AFD62C400CD4EC0 /* CloudKitPushNotification.swift in Sources */ = {isa = PBXBuildFile; fileRef = D9C319F52AFD62C400CD4EC0 /* CloudKitPushNotification.swift */; };
		D9C319FA2AFD62C400CD4EC0 /* CloudKitUser.swift in Sources */ = {isa = PBXBuildFile; fileRef = D9C319F62AFD62C400CD4EC0 /* CloudKitUser.swift */; };
		D9C319FC2AFD683B00CD4EC0 /* CloudKitManager.swift in Sources */ = {isa = PBXBuildFile; fileRef = D9C319FB2AFD683B00CD4EC0 /* CloudKitManager.swift */; };
		D9C319FE2AFD7A3200CD4EC0 /* RestaurantListView.swift in Sources */ = {isa = PBXBuildFile; fileRef = D9C319FD2AFD7A3200CD4EC0 /* RestaurantListView.swift */; };
		E892763F2AFE9F4600EFA538 /* RestaurantIntentPreview.swift in Sources */ = {isa = PBXBuildFile; fileRef = E892763E2AFE9F4600EFA538 /* RestaurantIntentPreview.swift */; };
		E89276412AFE9F5A00EFA538 /* RandomRestaurantIntent.swift in Sources */ = {isa = PBXBuildFile; fileRef = E89276402AFE9F5A00EFA538 /* RandomRestaurantIntent.swift */; };
		E89276432AFE9F7100EFA538 /* IntentsShortcutProvider.swift in Sources */ = {isa = PBXBuildFile; fileRef = E89276422AFE9F7100EFA538 /* IntentsShortcutProvider.swift */; };
/* End PBXBuildFile section */

/* Begin PBXFileReference section */
		D94D4F322AFAB3BA0064EBFD /* RestaurantView.swift */ = {isa = PBXFileReference; lastKnownFileType = sourcecode.swift; path = RestaurantView.swift; sourceTree = "<group>"; };
		D96DDA312AFAC4EA00352D63 /* RestaurantsModel.swift */ = {isa = PBXFileReference; lastKnownFileType = sourcecode.swift; path = RestaurantsModel.swift; sourceTree = "<group>"; };
		D96DDA382AFAC5A400352D63 /* RestaurantViewModel.swift */ = {isa = PBXFileReference; lastKnownFileType = sourcecode.swift; path = RestaurantViewModel.swift; sourceTree = "<group>"; };
		D96DDA3A2AFAC5CF00352D63 /* RestaurantRowView.swift */ = {isa = PBXFileReference; lastKnownFileType = sourcecode.swift; path = RestaurantRowView.swift; sourceTree = "<group>"; };
		D96DDA3C2AFAC71100352D63 /* CellRestaurantView.swift */ = {isa = PBXFileReference; lastKnownFileType = sourcecode.swift; path = CellRestaurantView.swift; sourceTree = "<group>"; };
		D96DDA402AFBFB3E00352D63 /* SheetNewRest.swift */ = {isa = PBXFileReference; lastKnownFileType = sourcecode.swift; path = SheetNewRest.swift; sourceTree = "<group>"; };
		D9AFA28B2AF955D0004E90F7 /* NanoProject4.app */ = {isa = PBXFileReference; explicitFileType = wrapper.application; includeInIndex = 0; path = NanoProject4.app; sourceTree = BUILT_PRODUCTS_DIR; };
		D9AFA28E2AF955D0004E90F7 /* NanoProject4App.swift */ = {isa = PBXFileReference; lastKnownFileType = sourcecode.swift; path = NanoProject4App.swift; sourceTree = "<group>"; };
		D9AFA2902AF955D0004E90F7 /* ContentView.swift */ = {isa = PBXFileReference; lastKnownFileType = sourcecode.swift; path = ContentView.swift; sourceTree = "<group>"; };
		D9AFA2922AF955D1004E90F7 /* Assets.xcassets */ = {isa = PBXFileReference; lastKnownFileType = folder.assetcatalog; path = Assets.xcassets; sourceTree = "<group>"; };
		D9AFA2952AF955D1004E90F7 /* Preview Assets.xcassets */ = {isa = PBXFileReference; lastKnownFileType = folder.assetcatalog; path = "Preview Assets.xcassets"; sourceTree = "<group>"; };
		D9C319E62AFD612F00CD4EC0 /* NanoProject4.entitlements */ = {isa = PBXFileReference; lastKnownFileType = text.plist.entitlements; path = NanoProject4.entitlements; sourceTree = "<group>"; };
		D9C319F32AFD62C400CD4EC0 /* CloudKitCrudView.swift */ = {isa = PBXFileReference; fileEncoding = 4; lastKnownFileType = sourcecode.swift; path = CloudKitCrudView.swift; sourceTree = "<group>"; };
		D9C319F42AFD62C400CD4EC0 /* PushNotificationManager.swift */ = {isa = PBXFileReference; fileEncoding = 4; lastKnownFileType = sourcecode.swift; path = PushNotificationManager.swift; sourceTree = "<group>"; };
		D9C319F52AFD62C400CD4EC0 /* CloudKitPushNotification.swift */ = {isa = PBXFileReference; fileEncoding = 4; lastKnownFileType = sourcecode.swift; path = CloudKitPushNotification.swift; sourceTree = "<group>"; };
		D9C319F62AFD62C400CD4EC0 /* CloudKitUser.swift */ = {isa = PBXFileReference; fileEncoding = 4; lastKnownFileType = sourcecode.swift; path = CloudKitUser.swift; sourceTree = "<group>"; };
		D9C319FB2AFD683B00CD4EC0 /* CloudKitManager.swift */ = {isa = PBXFileReference; lastKnownFileType = sourcecode.swift; path = CloudKitManager.swift; sourceTree = "<group>"; };
		D9C319FD2AFD7A3200CD4EC0 /* RestaurantListView.swift */ = {isa = PBXFileReference; lastKnownFileType = sourcecode.swift; path = RestaurantListView.swift; sourceTree = "<group>"; };
		E892763E2AFE9F4600EFA538 /* RestaurantIntentPreview.swift */ = {isa = PBXFileReference; lastKnownFileType = sourcecode.swift; path = RestaurantIntentPreview.swift; sourceTree = "<group>"; };
		E89276402AFE9F5A00EFA538 /* RandomRestaurantIntent.swift */ = {isa = PBXFileReference; lastKnownFileType = sourcecode.swift; path = RandomRestaurantIntent.swift; sourceTree = "<group>"; };
		E89276422AFE9F7100EFA538 /* IntentsShortcutProvider.swift */ = {isa = PBXFileReference; lastKnownFileType = sourcecode.swift; path = IntentsShortcutProvider.swift; sourceTree = "<group>"; };
/* End PBXFileReference section */

/* Begin PBXFrameworksBuildPhase section */
		D9AFA2882AF955D0004E90F7 /* Frameworks */ = {
			isa = PBXFrameworksBuildPhase;
			buildActionMask = 2147483647;
			files = (
			);
			runOnlyForDeploymentPostprocessing = 0;
		};
/* End PBXFrameworksBuildPhase section */

/* Begin PBXGroup section */
		D96DDA332AFAC50500352D63 /* System */ = {
			isa = PBXGroup;
			children = (
				D9AFA28E2AF955D0004E90F7 /* NanoProject4App.swift */,
				D9AFA2902AF955D0004E90F7 /* ContentView.swift */,
				D9AFA2922AF955D1004E90F7 /* Assets.xcassets */,
			);
			path = System;
			sourceTree = "<group>";
		};
		D96DDA342AFAC53700352D63 /* Model */ = {
			isa = PBXGroup;
			children = (
				D9C319F22AFD62AA00CD4EC0 /* CloudKit */,
				D96DDA312AFAC4EA00352D63 /* RestaurantsModel.swift */,
			);
			path = Model;
			sourceTree = "<group>";
		};
		D96DDA352AFAC55400352D63 /* View */ = {
			isa = PBXGroup;
			children = (
				D96DDA362AFAC57200352D63 /* Screens */,
			);
			path = View;
			sourceTree = "<group>";
		};
		D96DDA362AFAC57200352D63 /* Screens */ = {
			isa = PBXGroup;
			children = (
				D96DDA372AFAC58000352D63 /* Home */,
			);
			path = Screens;
			sourceTree = "<group>";
		};
		D96DDA372AFAC58000352D63 /* Home */ = {
			isa = PBXGroup;
			children = (
				D96DDA382AFAC5A400352D63 /* RestaurantViewModel.swift */,
				D94D4F322AFAB3BA0064EBFD /* RestaurantView.swift */,
				D96DDA3A2AFAC5CF00352D63 /* RestaurantRowView.swift */,
				D96DDA3C2AFAC71100352D63 /* CellRestaurantView.swift */,
				D96DDA402AFBFB3E00352D63 /* SheetNewRest.swift */,
				D9C319FD2AFD7A3200CD4EC0 /* RestaurantListView.swift */,
			);
			path = Home;
			sourceTree = "<group>";
		};
		D9AFA2822AF955D0004E90F7 = {
			isa = PBXGroup;
			children = (
				D9AFA28D2AF955D0004E90F7 /* NanoProject4 */,
				D9AFA28C2AF955D0004E90F7 /* Products */,
			);
			sourceTree = "<group>";
		};
		D9AFA28C2AF955D0004E90F7 /* Products */ = {
			isa = PBXGroup;
			children = (
				D9AFA28B2AF955D0004E90F7 /* NanoProject4.app */,
			);
			name = Products;
			sourceTree = "<group>";
		};
		D9AFA28D2AF955D0004E90F7 /* NanoProject4 */ = {
			isa = PBXGroup;
			children = (
				E892763D2AFE9F2200EFA538 /* Shortcuts */,
				E892763B2AFE9F1600EFA538 /* Intents */,
				D9C319E62AFD612F00CD4EC0 /* NanoProject4.entitlements */,
				D96DDA352AFAC55400352D63 /* View */,
				D96DDA342AFAC53700352D63 /* Model */,
				D96DDA332AFAC50500352D63 /* System */,
				D9AFA2942AF955D1004E90F7 /* Preview Content */,
			);
			path = NanoProject4;
			sourceTree = "<group>";
		};
		D9AFA2942AF955D1004E90F7 /* Preview Content */ = {
			isa = PBXGroup;
			children = (
				D9AFA2952AF955D1004E90F7 /* Preview Assets.xcassets */,
			);
			path = "Preview Content";
			sourceTree = "<group>";
		};
		D9C319F22AFD62AA00CD4EC0 /* CloudKit */ = {
			isa = PBXGroup;
			children = (
				D9C319F32AFD62C400CD4EC0 /* CloudKitCrudView.swift */,
				D9C319F52AFD62C400CD4EC0 /* CloudKitPushNotification.swift */,
				D9C319F62AFD62C400CD4EC0 /* CloudKitUser.swift */,
				D9C319F42AFD62C400CD4EC0 /* PushNotificationManager.swift */,
				D9C319FB2AFD683B00CD4EC0 /* CloudKitManager.swift */,
			);
			path = CloudKit;
			sourceTree = "<group>";
		};
		E892763B2AFE9F1600EFA538 /* Intents */ = {
			isa = PBXGroup;
			children = (
				E892763C2AFE9F1C00EFA538 /* Preview */,
				E89276402AFE9F5A00EFA538 /* RandomRestaurantIntent.swift */,
			);
			path = Intents;
			sourceTree = "<group>";
		};
		E892763C2AFE9F1C00EFA538 /* Preview */ = {
			isa = PBXGroup;
			children = (
				E892763E2AFE9F4600EFA538 /* RestaurantIntentPreview.swift */,
			);
			path = Preview;
			sourceTree = "<group>";
		};
		E892763D2AFE9F2200EFA538 /* Shortcuts */ = {
			isa = PBXGroup;
			children = (
				E89276422AFE9F7100EFA538 /* IntentsShortcutProvider.swift */,
			);
			path = Shortcuts;
			sourceTree = "<group>";
		};
/* End PBXGroup section */

/* Begin PBXNativeTarget section */
		D9AFA28A2AF955D0004E90F7 /* NanoProject4 */ = {
			isa = PBXNativeTarget;
			buildConfigurationList = D9AFA2992AF955D1004E90F7 /* Build configuration list for PBXNativeTarget "NanoProject4" */;
			buildPhases = (
				D9AFA2872AF955D0004E90F7 /* Sources */,
				D9AFA2882AF955D0004E90F7 /* Frameworks */,
				D9AFA2892AF955D0004E90F7 /* Resources */,
			);
			buildRules = (
			);
			dependencies = (
			);
			name = NanoProject4;
			productName = NanoProject4;
			productReference = D9AFA28B2AF955D0004E90F7 /* NanoProject4.app */;
			productType = "com.apple.product-type.application";
		};
/* End PBXNativeTarget section */

/* Begin PBXProject section */
		D9AFA2832AF955D0004E90F7 /* Project object */ = {
			isa = PBXProject;
			attributes = {
				BuildIndependentTargetsInParallel = 1;
				LastSwiftUpdateCheck = 1500;
				LastUpgradeCheck = 1500;
				TargetAttributes = {
					D9AFA28A2AF955D0004E90F7 = {
						CreatedOnToolsVersion = 15.0;
					};
				};
			};
			buildConfigurationList = D9AFA2862AF955D0004E90F7 /* Build configuration list for PBXProject "NanoProject4" */;
			compatibilityVersion = "Xcode 14.0";
			developmentRegion = en;
			hasScannedForEncodings = 0;
			knownRegions = (
				en,
				Base,
			);
			mainGroup = D9AFA2822AF955D0004E90F7;
			productRefGroup = D9AFA28C2AF955D0004E90F7 /* Products */;
			projectDirPath = "";
			projectRoot = "";
			targets = (
				D9AFA28A2AF955D0004E90F7 /* NanoProject4 */,
			);
		};
/* End PBXProject section */

/* Begin PBXResourcesBuildPhase section */
		D9AFA2892AF955D0004E90F7 /* Resources */ = {
			isa = PBXResourcesBuildPhase;
			buildActionMask = 2147483647;
			files = (
				D9AFA2962AF955D1004E90F7 /* Preview Assets.xcassets in Resources */,
				D9AFA2932AF955D1004E90F7 /* Assets.xcassets in Resources */,
			);
			runOnlyForDeploymentPostprocessing = 0;
		};
/* End PBXResourcesBuildPhase section */

/* Begin PBXSourcesBuildPhase section */
		D9AFA2872AF955D0004E90F7 /* Sources */ = {
			isa = PBXSourcesBuildPhase;
			buildActionMask = 2147483647;
			files = (
				D9AFA2912AF955D0004E90F7 /* ContentView.swift in Sources */,
				D9AFA28F2AF955D0004E90F7 /* NanoProject4App.swift in Sources */,
				E89276412AFE9F5A00EFA538 /* RandomRestaurantIntent.swift in Sources */,
				D9C319F82AFD62C400CD4EC0 /* PushNotificationManager.swift in Sources */,
				E89276432AFE9F7100EFA538 /* IntentsShortcutProvider.swift in Sources */,
				D96DDA3D2AFAC71100352D63 /* CellRestaurantView.swift in Sources */,
				D9C319F72AFD62C400CD4EC0 /* CloudKitCrudView.swift in Sources */,
				D96DDA392AFAC5A400352D63 /* RestaurantViewModel.swift in Sources */,
				D96DDA322AFAC4EA00352D63 /* RestaurantsModel.swift in Sources */,
				D9C319FE2AFD7A3200CD4EC0 /* RestaurantListView.swift in Sources */,
				D96DDA3B2AFAC5CF00352D63 /* RestaurantRowView.swift in Sources */,
				D9C319F92AFD62C400CD4EC0 /* CloudKitPushNotification.swift in Sources */,
				D96DDA412AFBFB3E00352D63 /* SheetNewRest.swift in Sources */,
				D94D4F332AFAB3BA0064EBFD /* RestaurantView.swift in Sources */,
				E892763F2AFE9F4600EFA538 /* RestaurantIntentPreview.swift in Sources */,
				D9C319FA2AFD62C400CD4EC0 /* CloudKitUser.swift in Sources */,
				D9C319FC2AFD683B00CD4EC0 /* CloudKitManager.swift in Sources */,
			);
			runOnlyForDeploymentPostprocessing = 0;
		};
/* End PBXSourcesBuildPhase section */

/* Begin XCBuildConfiguration section */
		D9AFA2972AF955D1004E90F7 /* Debug */ = {
			isa = XCBuildConfiguration;
			buildSettings = {
				ALWAYS_SEARCH_USER_PATHS = NO;
				ASSETCATALOG_COMPILER_GENERATE_SWIFT_ASSET_SYMBOL_EXTENSIONS = YES;
				CLANG_ANALYZER_NONNULL = YES;
				CLANG_ANALYZER_NUMBER_OBJECT_CONVERSION = YES_AGGRESSIVE;
				CLANG_CXX_LANGUAGE_STANDARD = "gnu++20";
				CLANG_ENABLE_MODULES = YES;
				CLANG_ENABLE_OBJC_ARC = YES;
				CLANG_ENABLE_OBJC_WEAK = YES;
				CLANG_WARN_BLOCK_CAPTURE_AUTORELEASING = YES;
				CLANG_WARN_BOOL_CONVERSION = YES;
				CLANG_WARN_COMMA = YES;
				CLANG_WARN_CONSTANT_CONVERSION = YES;
				CLANG_WARN_DEPRECATED_OBJC_IMPLEMENTATIONS = YES;
				CLANG_WARN_DIRECT_OBJC_ISA_USAGE = YES_ERROR;
				CLANG_WARN_DOCUMENTATION_COMMENTS = YES;
				CLANG_WARN_EMPTY_BODY = YES;
				CLANG_WARN_ENUM_CONVERSION = YES;
				CLANG_WARN_INFINITE_RECURSION = YES;
				CLANG_WARN_INT_CONVERSION = YES;
				CLANG_WARN_NON_LITERAL_NULL_CONVERSION = YES;
				CLANG_WARN_OBJC_IMPLICIT_RETAIN_SELF = YES;
				CLANG_WARN_OBJC_LITERAL_CONVERSION = YES;
				CLANG_WARN_OBJC_ROOT_CLASS = YES_ERROR;
				CLANG_WARN_QUOTED_INCLUDE_IN_FRAMEWORK_HEADER = YES;
				CLANG_WARN_RANGE_LOOP_ANALYSIS = YES;
				CLANG_WARN_STRICT_PROTOTYPES = YES;
				CLANG_WARN_SUSPICIOUS_MOVE = YES;
				CLANG_WARN_UNGUARDED_AVAILABILITY = YES_AGGRESSIVE;
				CLANG_WARN_UNREACHABLE_CODE = YES;
				CLANG_WARN__DUPLICATE_METHOD_MATCH = YES;
				COPY_PHASE_STRIP = NO;
				DEBUG_INFORMATION_FORMAT = dwarf;
				ENABLE_STRICT_OBJC_MSGSEND = YES;
				ENABLE_TESTABILITY = YES;
				ENABLE_USER_SCRIPT_SANDBOXING = YES;
				GCC_C_LANGUAGE_STANDARD = gnu17;
				GCC_DYNAMIC_NO_PIC = NO;
				GCC_NO_COMMON_BLOCKS = YES;
				GCC_OPTIMIZATION_LEVEL = 0;
				GCC_PREPROCESSOR_DEFINITIONS = (
					"DEBUG=1",
					"$(inherited)",
				);
				GCC_WARN_64_TO_32_BIT_CONVERSION = YES;
				GCC_WARN_ABOUT_RETURN_TYPE = YES_ERROR;
				GCC_WARN_UNDECLARED_SELECTOR = YES;
				GCC_WARN_UNINITIALIZED_AUTOS = YES_AGGRESSIVE;
				GCC_WARN_UNUSED_FUNCTION = YES;
				GCC_WARN_UNUSED_VARIABLE = YES;
				IPHONEOS_DEPLOYMENT_TARGET = 17.0;
				LOCALIZATION_PREFERS_STRING_CATALOGS = YES;
				MTL_ENABLE_DEBUG_INFO = INCLUDE_SOURCE;
				MTL_FAST_MATH = YES;
				ONLY_ACTIVE_ARCH = YES;
				SDKROOT = iphoneos;
				SWIFT_ACTIVE_COMPILATION_CONDITIONS = "DEBUG $(inherited)";
				SWIFT_OPTIMIZATION_LEVEL = "-Onone";
			};
			name = Debug;
		};
		D9AFA2982AF955D1004E90F7 /* Release */ = {
			isa = XCBuildConfiguration;
			buildSettings = {
				ALWAYS_SEARCH_USER_PATHS = NO;
				ASSETCATALOG_COMPILER_GENERATE_SWIFT_ASSET_SYMBOL_EXTENSIONS = YES;
				CLANG_ANALYZER_NONNULL = YES;
				CLANG_ANALYZER_NUMBER_OBJECT_CONVERSION = YES_AGGRESSIVE;
				CLANG_CXX_LANGUAGE_STANDARD = "gnu++20";
				CLANG_ENABLE_MODULES = YES;
				CLANG_ENABLE_OBJC_ARC = YES;
				CLANG_ENABLE_OBJC_WEAK = YES;
				CLANG_WARN_BLOCK_CAPTURE_AUTORELEASING = YES;
				CLANG_WARN_BOOL_CONVERSION = YES;
				CLANG_WARN_COMMA = YES;
				CLANG_WARN_CONSTANT_CONVERSION = YES;
				CLANG_WARN_DEPRECATED_OBJC_IMPLEMENTATIONS = YES;
				CLANG_WARN_DIRECT_OBJC_ISA_USAGE = YES_ERROR;
				CLANG_WARN_DOCUMENTATION_COMMENTS = YES;
				CLANG_WARN_EMPTY_BODY = YES;
				CLANG_WARN_ENUM_CONVERSION = YES;
				CLANG_WARN_INFINITE_RECURSION = YES;
				CLANG_WARN_INT_CONVERSION = YES;
				CLANG_WARN_NON_LITERAL_NULL_CONVERSION = YES;
				CLANG_WARN_OBJC_IMPLICIT_RETAIN_SELF = YES;
				CLANG_WARN_OBJC_LITERAL_CONVERSION = YES;
				CLANG_WARN_OBJC_ROOT_CLASS = YES_ERROR;
				CLANG_WARN_QUOTED_INCLUDE_IN_FRAMEWORK_HEADER = YES;
				CLANG_WARN_RANGE_LOOP_ANALYSIS = YES;
				CLANG_WARN_STRICT_PROTOTYPES = YES;
				CLANG_WARN_SUSPICIOUS_MOVE = YES;
				CLANG_WARN_UNGUARDED_AVAILABILITY = YES_AGGRESSIVE;
				CLANG_WARN_UNREACHABLE_CODE = YES;
				CLANG_WARN__DUPLICATE_METHOD_MATCH = YES;
				COPY_PHASE_STRIP = NO;
				DEBUG_INFORMATION_FORMAT = "dwarf-with-dsym";
				ENABLE_NS_ASSERTIONS = NO;
				ENABLE_STRICT_OBJC_MSGSEND = YES;
				ENABLE_USER_SCRIPT_SANDBOXING = YES;
				GCC_C_LANGUAGE_STANDARD = gnu17;
				GCC_NO_COMMON_BLOCKS = YES;
				GCC_WARN_64_TO_32_BIT_CONVERSION = YES;
				GCC_WARN_ABOUT_RETURN_TYPE = YES_ERROR;
				GCC_WARN_UNDECLARED_SELECTOR = YES;
				GCC_WARN_UNINITIALIZED_AUTOS = YES_AGGRESSIVE;
				GCC_WARN_UNUSED_FUNCTION = YES;
				GCC_WARN_UNUSED_VARIABLE = YES;
				IPHONEOS_DEPLOYMENT_TARGET = 17.0;
				LOCALIZATION_PREFERS_STRING_CATALOGS = YES;
				MTL_ENABLE_DEBUG_INFO = NO;
				MTL_FAST_MATH = YES;
				SDKROOT = iphoneos;
				SWIFT_COMPILATION_MODE = wholemodule;
				VALIDATE_PRODUCT = YES;
			};
			name = Release;
		};
		D9AFA29A2AF955D1004E90F7 /* Debug */ = {
			isa = XCBuildConfiguration;
			buildSettings = {
				ASSETCATALOG_COMPILER_APPICON_NAME = AppIcon;
				ASSETCATALOG_COMPILER_GLOBAL_ACCENT_COLOR_NAME = AccentColor;
				CODE_SIGN_ENTITLEMENTS = NanoProject4/NanoProject4.entitlements;
				CODE_SIGN_STYLE = Automatic;
				CURRENT_PROJECT_VERSION = 1;
				DEVELOPMENT_ASSET_PATHS = "\"NanoProject4/Preview Content\"";
				DEVELOPMENT_TEAM = L4N6N49H26;
				ENABLE_PREVIEWS = YES;
				GENERATE_INFOPLIST_FILE = YES;
				INFOPLIST_KEY_UIApplicationSceneManifest_Generation = YES;
				INFOPLIST_KEY_UIApplicationSupportsIndirectInputEvents = YES;
				INFOPLIST_KEY_UILaunchScreen_Generation = YES;
				INFOPLIST_KEY_UISupportedInterfaceOrientations_iPad = "UIInterfaceOrientationPortrait UIInterfaceOrientationPortraitUpsideDown UIInterfaceOrientationLandscapeLeft UIInterfaceOrientationLandscapeRight";
				INFOPLIST_KEY_UISupportedInterfaceOrientations_iPhone = "UIInterfaceOrientationPortrait UIInterfaceOrientationLandscapeLeft UIInterfaceOrientationLandscapeRight";
				LD_RUNPATH_SEARCH_PATHS = (
					"$(inherited)",
					"@executable_path/Frameworks",
				);
				MARKETING_VERSION = 1.0;
				PRODUCT_BUNDLE_IDENTIFIER = gustavoHoreste.NanoProject4;
				PRODUCT_NAME = "$(TARGET_NAME)";
				SWIFT_EMIT_LOC_STRINGS = YES;
				SWIFT_VERSION = 5.0;
				TARGETED_DEVICE_FAMILY = "1,2";
			};
			name = Debug;
		};
		D9AFA29B2AF955D1004E90F7 /* Release */ = {
			isa = XCBuildConfiguration;
			buildSettings = {
				ASSETCATALOG_COMPILER_APPICON_NAME = AppIcon;
				ASSETCATALOG_COMPILER_GLOBAL_ACCENT_COLOR_NAME = AccentColor;
				CODE_SIGN_ENTITLEMENTS = NanoProject4/NanoProject4.entitlements;
				CODE_SIGN_STYLE = Automatic;
				CURRENT_PROJECT_VERSION = 1;
				DEVELOPMENT_ASSET_PATHS = "\"NanoProject4/Preview Content\"";
				DEVELOPMENT_TEAM = L4N6N49H26;
				ENABLE_PREVIEWS = YES;
				GENERATE_INFOPLIST_FILE = YES;
				INFOPLIST_KEY_UIApplicationSceneManifest_Generation = YES;
				INFOPLIST_KEY_UIApplicationSupportsIndirectInputEvents = YES;
				INFOPLIST_KEY_UILaunchScreen_Generation = YES;
				INFOPLIST_KEY_UISupportedInterfaceOrientations_iPad = "UIInterfaceOrientationPortrait UIInterfaceOrientationPortraitUpsideDown UIInterfaceOrientationLandscapeLeft UIInterfaceOrientationLandscapeRight";
				INFOPLIST_KEY_UISupportedInterfaceOrientations_iPhone = "UIInterfaceOrientationPortrait UIInterfaceOrientationLandscapeLeft UIInterfaceOrientationLandscapeRight";
				LD_RUNPATH_SEARCH_PATHS = (
					"$(inherited)",
					"@executable_path/Frameworks",
				);
				MARKETING_VERSION = 1.0;
				PRODUCT_BUNDLE_IDENTIFIER = gustavoHoreste.NanoProject4;
				PRODUCT_NAME = "$(TARGET_NAME)";
				SWIFT_EMIT_LOC_STRINGS = YES;
				SWIFT_VERSION = 5.0;
				TARGETED_DEVICE_FAMILY = "1,2";
			};
			name = Release;
		};
/* End XCBuildConfiguration section */

/* Begin XCConfigurationList section */
		D9AFA2862AF955D0004E90F7 /* Build configuration list for PBXProject "NanoProject4" */ = {
			isa = XCConfigurationList;
			buildConfigurations = (
				D9AFA2972AF955D1004E90F7 /* Debug */,
				D9AFA2982AF955D1004E90F7 /* Release */,
			);
			defaultConfigurationIsVisible = 0;
			defaultConfigurationName = Release;
		};
		D9AFA2992AF955D1004E90F7 /* Build configuration list for PBXNativeTarget "NanoProject4" */ = {
			isa = XCConfigurationList;
			buildConfigurations = (
				D9AFA29A2AF955D1004E90F7 /* Debug */,
				D9AFA29B2AF955D1004E90F7 /* Release */,
			);
			defaultConfigurationIsVisible = 0;
			defaultConfigurationName = Release;
		};
/* End XCConfigurationList section */
	};
	rootObject = D9AFA2832AF955D0004E90F7 /* Project object */;
}
